
Microsoft Visual Studio Solution File, Format Version 12.00
# Visual Studio Version 17
VisualStudioVersion = 17.13.35919.96 d17.13
MinimumVisualStudioVersion = 10.0.40219.1
Project("{FAE04EC0-301F-11D3-BF4B-00C04F79EFBC}") = "ProctorV_prototype", "ProctorV_prototype\ProctorV_prototype.csproj", "{0AC76CF3-E9A0-47C4-95FA-C8EA532674D5}"
EndProject
Global
	GlobalSection(SolutionConfigurationPlatforms) = preSolution
		Debug|Any CPU = Debug|Any CPU
		Release|Any CPU = Release|Any CPU
	EndGlobalSection
	GlobalSection(ProjectConfigurationPlatforms) = postSolution
		{0AC76CF3-E9A0-47C4-95FA-C8EA532674D5}.Debug|Any CPU.ActiveCfg = Debug|Any CPU
		{0AC76CF3-E9A0-47C4-95FA-C8EA532674D5}.Debug|Any CPU.Build.0 = Debug|Any CPU
		{0AC76CF3-E9A0-47C4-95FA-C8EA532674D5}.Release|Any CPU.ActiveCfg = Release|Any CPU
		{0AC76CF3-E9A0-47C4-95FA-C8EA532674D5}.Release|Any CPU.Build.0 = Release|Any CPU
	EndGlobalSection
	GlobalSection(SolutionProperties) = preSolution
		HideSolutionNode = FALSE
	EndGlobalSection
	GlobalSection(ExtensibilityGlobals) = postSolution
		SolutionGuid = {929AA638-4753-48AA-A390-F0F0FC9FFE59}
	EndGlobalSection
EndGlobal
